{
  "name": "myapp",
  "version": "1.0.0",
  "lockfileVersion": 2,
  "requires": true,
  "packages": {
    "": {
      "version": "1.0.0",
      "license": "ISC",
      "dependencies": {
        "weui-miniprogram": "^1.0.8"
      }
    },
    "node_modules/weui-miniprogram": {
      "version": "1.0.8",
      "resolved": "https://registry.npm.taobao.org/weui-miniprogram/download/weui-miniprogram-1.0.8.tgz",
      "integrity": "sha1-55F8R6XX6VGzBpTZOdCi5eAFsnQ="
    }
  },
  "dependencies": {
    "weui-miniprogram": {
      "version": "1.0.8",
      "resolved": "https://registry.npm.taobao.org/weui-miniprogram/download/weui-miniprogram-1.0.8.tgz",
      "integrity": "sha1-55F8R6XX6VGzBpTZOdCi5eAFsnQ="
    }
  }
}
