{
  "name": "w9_Typescript",
  "lockfileVersion": 2,
  "requires": true,
  "packages": {
    "": {
      "dependencies": {
        "@types/react": "^17.0.11",
        "react": "^17.0.2"
      }
    },
    "node_modules/@types/prop-types": {
      "version": "15.7.3",
      "resolved": "https://registry.nlark.com/@types/prop-types/download/@types/prop-types-15.7.3.tgz",
      "integrity": "sha1-KrDV2i5YFflLC51LldHl8kOrLKc="
    },
    "node_modules/@types/react": {
      "version": "17.0.11",
      "resolved": "https://registry.nlark.com/@types/react/download/@types/react-17.0.11.tgz",
      "integrity": "sha1-Z/zQ3b9aCwg6D5TpJsfWPzuDZFE=",
      "dependencies": {
        "@types/prop-types": "*",
        "@types/scheduler": "*",
        "csstype": "^3.0.2"
      }
    },
    "node_modules/@types/scheduler": {
      "version": "0.16.1",
      "resolved": "https://registry.nlark.com/@types/scheduler/download/@types/scheduler-0.16.1.tgz",
      "integrity": "sha1-GIRSBehv8AOFF6q3oYpiprn3EnU="
    },
    "node_modules/csstype": {
      "version": "3.0.8",
      "resolved": "https://registry.nlark.com/csstype/download/csstype-3.0.8.tgz?cache=0&sync_timestamp=1618818466657&other_urls=https%3A%2F%2Fregistry.nlark.com%2Fcsstype%2Fdownload%2Fcsstype-3.0.8.tgz",
      "integrity": "sha1-0iZqeScp+yJ80hb7Vy9Dco4a00A="
    },
    "node_modules/js-tokens": {
      "version": "4.0.0",
      "resolved": "https://registry.nlark.com/js-tokens/download/js-tokens-4.0.0.tgz?cache=0&sync_timestamp=1619345098261&other_urls=https%3A%2F%2Fregistry.nlark.com%2Fjs-tokens%2Fdownload%2Fjs-tokens-4.0.0.tgz",
      "integrity": "sha1-GSA/tZmR35jjoocFDUZHzerzJJk="
    },
    "node_modules/loose-envify": {
      "version": "1.4.0",
      "resolved": "https://registry.npm.taobao.org/loose-envify/download/loose-envify-1.4.0.tgz",
      "integrity": "sha1-ce5R+nvkyuwaY4OffmgtgTLTDK8=",
      "dependencies": {
        "js-tokens": "^3.0.0 || ^4.0.0"
      },
      "bin": {
        "loose-envify": "cli.js"
      }
    },
    "node_modules/object-assign": {
      "version": "4.1.1",
      "resolved": "https://registry.nlark.com/object-assign/download/object-assign-4.1.1.tgz?cache=0&sync_timestamp=1618847043548&other_urls=https%3A%2F%2Fregistry.nlark.com%2Fobject-assign%2Fdownload%2Fobject-assign-4.1.1.tgz",
      "integrity": "sha1-IQmtx5ZYh8/AXLvUQsrIv7s2CGM=",
      "engines": {
        "node": ">=0.10.0"
      }
    },
    "node_modules/react": {
      "version": "17.0.2",
      "resolved": "https://registry.nlark.com/react/download/react-17.0.2.tgz?cache=0&sync_timestamp=1624551785731&other_urls=https%3A%2F%2Fregistry.nlark.com%2Freact%2Fdownload%2Freact-17.0.2.tgz",
      "integrity": "sha1-0LXMUW0p6z7uOD91tihkz7aAADc=",
      "dependencies": {
        "loose-envify": "^1.1.0",
        "object-assign": "^4.1.1"
      },
      "engines": {
        "node": ">=0.10.0"
      }
    }
  },
  "dependencies": {
    "@types/prop-types": {
      "version": "15.7.3",
      "resolved": "https://registry.nlark.com/@types/prop-types/download/@types/prop-types-15.7.3.tgz",
      "integrity": "sha1-KrDV2i5YFflLC51LldHl8kOrLKc="
    },
    "@types/react": {
      "version": "17.0.11",
      "resolved": "https://registry.nlark.com/@types/react/download/@types/react-17.0.11.tgz",
      "integrity": "sha1-Z/zQ3b9aCwg6D5TpJsfWPzuDZFE=",
      "requires": {
        "@types/prop-types": "*",
        "@types/scheduler": "*",
        "csstype": "^3.0.2"
      }
    },
    "@types/scheduler": {
      "version": "0.16.1",
      "resolved": "https://registry.nlark.com/@types/scheduler/download/@types/scheduler-0.16.1.tgz",
      "integrity": "sha1-GIRSBehv8AOFF6q3oYpiprn3EnU="
    },
    "csstype": {
      "version": "3.0.8",
      "resolved": "https://registry.nlark.com/csstype/download/csstype-3.0.8.tgz?cache=0&sync_timestamp=1618818466657&other_urls=https%3A%2F%2Fregistry.nlark.com%2Fcsstype%2Fdownload%2Fcsstype-3.0.8.tgz",
      "integrity": "sha1-0iZqeScp+yJ80hb7Vy9Dco4a00A="
    },
    "js-tokens": {
      "version": "4.0.0",
      "resolved": "https://registry.nlark.com/js-tokens/download/js-tokens-4.0.0.tgz?cache=0&sync_timestamp=1619345098261&other_urls=https%3A%2F%2Fregistry.nlark.com%2Fjs-tokens%2Fdownload%2Fjs-tokens-4.0.0.tgz",
      "integrity": "sha1-GSA/tZmR35jjoocFDUZHzerzJJk="
    },
    "loose-envify": {
      "version": "1.4.0",
      "resolved": "https://registry.npm.taobao.org/loose-envify/download/loose-envify-1.4.0.tgz",
      "integrity": "sha1-ce5R+nvkyuwaY4OffmgtgTLTDK8=",
      "requires": {
        "js-tokens": "^3.0.0 || ^4.0.0"
      }
    },
    "object-assign": {
      "version": "4.1.1",
      "resolved": "https://registry.nlark.com/object-assign/download/object-assign-4.1.1.tgz?cache=0&sync_timestamp=1618847043548&other_urls=https%3A%2F%2Fregistry.nlark.com%2Fobject-assign%2Fdownload%2Fobject-assign-4.1.1.tgz",
      "integrity": "sha1-IQmtx5ZYh8/AXLvUQsrIv7s2CGM="
    },
    "react": {
      "version": "17.0.2",
      "resolved": "https://registry.nlark.com/react/download/react-17.0.2.tgz?cache=0&sync_timestamp=1624551785731&other_urls=https%3A%2F%2Fregistry.nlark.com%2Freact%2Fdownload%2Freact-17.0.2.tgz",
      "integrity": "sha1-0LXMUW0p6z7uOD91tihkz7aAADc=",
      "requires": {
        "loose-envify": "^1.1.0",
        "object-assign": "^4.1.1"
      }
    }
  }
}
